
Microsoft Visual Studio Solution File, Format Version 12.00
Project("{FAE04EC0-301F-11D3-BF4B-00C04F79EFBC}") = "MESK.MediatR", "MESK.MediatR.csproj", "{C5074713-C96C-4B24-AA63-E874A65D4E5A}"
EndProject
Global
	GlobalSection(SolutionConfigurationPlatforms) = preSolution
		Debug|Any CPU = Debug|Any CPU
		Release|Any CPU = Release|Any CPU
	EndGlobalSection
	GlobalSection(ProjectConfigurationPlatforms) = postSolution
		{C5074713-C96C-4B24-AA63-E874A65D4E5A}.Debug|Any CPU.ActiveCfg = Debug|Any CPU
		{C5074713-C96C-4B24-AA63-E874A65D4E5A}.Debug|Any CPU.Build.0 = Debug|Any CPU
		{C5074713-C96C-4B24-AA63-E874A65D4E5A}.Release|Any CPU.ActiveCfg = Release|Any CPU
		{C5074713-C96C-4B24-AA63-E874A65D4E5A}.Release|Any CPU.Build.0 = Release|Any CPU
	EndGlobalSection
EndGlobal
